
Microsoft Visual Studio Solution File, Format Version 12.00
# Visual Studio Version 17
VisualStudioVersion = 17.11.35208.52
MinimumVisualStudioVersion = 10.0.40219.1
Project("{FAE04EC0-301F-11D3-BF4B-00C04F79EFBC}") = "Laboratorio141", "Laboratorio141\Laboratorio141.csproj", "{4F9684E3-5626-4F51-B4F9-84C75E42C288}"
EndProject
Global
	GlobalSection(SolutionConfigurationPlatforms) = preSolution
		Debug|Any CPU = Debug|Any CPU
		Release|Any CPU = Release|Any CPU
	EndGlobalSection
	GlobalSection(ProjectConfigurationPlatforms) = postSolution
		{4F9684E3-5626-4F51-B4F9-84C75E42C288}.Debug|Any CPU.ActiveCfg = Debug|Any CPU
		{4F9684E3-5626-4F51-B4F9-84C75E42C288}.Debug|Any CPU.Build.0 = Debug|Any CPU
		{4F9684E3-5626-4F51-B4F9-84C75E42C288}.Release|Any CPU.ActiveCfg = Release|Any CPU
		{4F9684E3-5626-4F51-B4F9-84C75E42C288}.Release|Any CPU.Build.0 = Release|Any CPU
	EndGlobalSection
	GlobalSection(SolutionProperties) = preSolution
		HideSolutionNode = FALSE
	EndGlobalSection
	GlobalSection(ExtensibilityGlobals) = postSolution
		SolutionGuid = {FC1396ED-F257-4568-B90B-87A6FB8D97E2}
	EndGlobalSection
EndGlobal
